
Microsoft Visual Studio Solution File, Format Version 12.00
# Visual Studio 15
Project("{FAE04EC0-301F-11D3-BF4B-00C04F79EFBC}") = "SpaceShooter ToDeploy", "SpaceShooter ToDeploy.csproj", "{F9DCE72D-58B6-86A2-0143-DF4A56CAFCDD}"
EndProject
Global
	GlobalSection(SolutionConfigurationPlatforms) = preSolution
		Debug|Any CPU = Debug|Any CPU
		Release|Any CPU = Release|Any CPU
	EndGlobalSection
	GlobalSection(ProjectConfigurationPlatforms) = postSolution
		{F9DCE72D-58B6-86A2-0143-DF4A56CAFCDD}.Debug|Any CPU.ActiveCfg = Debug|Any CPU
		{F9DCE72D-58B6-86A2-0143-DF4A56CAFCDD}.Debug|Any CPU.Build.0 = Debug|Any CPU
		{F9DCE72D-58B6-86A2-0143-DF4A56CAFCDD}.Release|Any CPU.ActiveCfg = Release|Any CPU
		{F9DCE72D-58B6-86A2-0143-DF4A56CAFCDD}.Release|Any CPU.Build.0 = Release|Any CPU
	EndGlobalSection
	GlobalSection(SolutionProperties) = preSolution
		HideSolutionNode = FALSE
	EndGlobalSection
EndGlobal
